{
  "name": "geo-cloud-functions",
  "version": "1.0.0",
  "lockfileVersion": 1,
  "requires": true,
  "dependencies": {
    "@turf/bbox": {
      "version": "5.1.5",
      "resolved": "https://registry.npmjs.org/@turf/bbox/-/bbox-5.1.5.tgz",
      "integrity": "sha1-MFHfUUrUxQ9KT5uKLRX9i2hA7aM=",
      "requires": {
        "@turf/helpers": "^5.1.5",
        "@turf/meta": "^5.1.5"
      }
    },
    "@turf/buffer": {
      "version": "5.1.5",
      "resolved": "https://registry.npmjs.org/@turf/buffer/-/buffer-5.1.5.tgz",
      "integrity": "sha1-hByWJ8+5dLEirE4alW8EZrwCMcQ=",
      "requires": {
        "@turf/bbox": "^5.1.5",
        "@turf/center": "^5.1.5",
        "@turf/helpers": "^5.1.5",
        "@turf/meta": "^5.1.5",
        "@turf/projection": "^5.1.5",
        "d3-geo": "1.7.1",
        "turf-jsts": "*"
      }
    },
    "@turf/center": {
      "version": "5.1.5",
      "resolved": "https://registry.npmjs.org/@turf/center/-/center-5.1.5.tgz",
      "integrity": "sha1-RKss2VT2PA03dX9xWKmcPvURS4A=",
      "requires": {
        "@turf/bbox": "^5.1.5",
        "@turf/helpers": "^5.1.5"
      }
    },
    "@turf/clone": {
      "version": "5.1.5",
      "resolved": "https://registry.npmjs.org/@turf/clone/-/clone-5.1.5.tgz",
      "integrity": "sha1-JT6NNUdxgZduM636tQoPAqfw42c=",
      "requires": {
        "@turf/helpers": "^5.1.5"
      }
    },
    "@turf/helpers": {
      "version": "5.1.5",
      "resolved": "https://registry.npmjs.org/@turf/helpers/-/helpers-5.1.5.tgz",
      "integrity": "sha1-FTQFInq5M9AEpbuWQantmZ/L4M8="
    },
    "@turf/inside": {
      "version": "4.7.3",
      "resolved": "https://registry.npmjs.org/@turf/inside/-/inside-4.7.3.tgz",
      "integrity": "sha1-5KhJafKIaJGzQ7Ebg/2jCV+6VCw=",
      "requires": {
        "@turf/invariant": "^4.7.3"
      }
    },
    "@turf/invariant": {
      "version": "4.7.3",
      "resolved": "https://registry.npmjs.org/@turf/invariant/-/invariant-4.7.3.tgz",
      "integrity": "sha1-U482fSPBE/yEnXDJpSS4Vjh0YB0="
    },
    "@turf/meta": {
      "version": "5.2.0",
      "resolved": "https://registry.npmjs.org/@turf/meta/-/meta-5.2.0.tgz",
      "integrity": "sha1-OxrUhe4MOwsXdRMqMsOE1T5LpT0=",
      "requires": {
        "@turf/helpers": "^5.1.5"
      }
    },
    "@turf/projection": {
      "version": "5.1.5",
      "resolved": "https://registry.npmjs.org/@turf/projection/-/projection-5.1.5.tgz",
      "integrity": "sha1-JFF+7rLzaBa6n3EueubWo2jt91c=",
      "requires": {
        "@turf/clone": "^5.1.5",
        "@turf/helpers": "^5.1.5",
        "@turf/meta": "^5.1.5"
      }
    },
    "@turf/within": {
      "version": "4.7.3",
      "resolved": "https://registry.npmjs.org/@turf/within/-/within-4.7.3.tgz",
      "integrity": "sha1-Qas8FS9qjAXKpaNFyX3TNNSa7xM=",
      "requires": {
        "@turf/helpers": "^4.7.3",
        "@turf/inside": "^4.7.3"
      },
      "dependencies": {
        "@turf/helpers": {
          "version": "4.7.3",
          "resolved": "https://registry.npmjs.org/@turf/helpers/-/helpers-4.7.3.tgz",
          "integrity": "sha1-vDEqxDyrPFMqSDFRxMOCxWSUKek="
        }
      }
    },
    "@types/body-parser": {
      "version": "1.19.0",
      "resolved": "https://registry.npmjs.org/@types/body-parser/-/body-parser-1.19.0.tgz",
      "integrity": "sha512-W98JrE0j2K78swW4ukqMleo8R7h/pFETjM2DQ90MF6XK2i4LO4W3gQ71Lt4w3bfm2EvVSyWHplECvB5sK22yFQ==",
      "dev": true,
      "requires": {
        "@types/connect": "*",
        "@types/node": "*"
      }
    },
    "@types/connect": {
      "version": "3.4.33",
      "resolved": "https://registry.npmjs.org/@types/connect/-/connect-3.4.33.tgz",
      "integrity": "sha512-2+FrkXY4zllzTNfJth7jOqEHC+enpLeGslEhpnTAkg21GkRrWV4SsAtqchtT4YS9/nODBU2/ZfsBY2X4J/dX7A==",
      "dev": true,
      "requires": {
        "@types/node": "*"
      }
    },
    "@types/express": {
      "version": "4.17.8",
      "resolved": "https://registry.npmjs.org/@types/express/-/express-4.17.8.tgz",
      "integrity": "sha512-wLhcKh3PMlyA2cNAB9sjM1BntnhPMiM0JOBwPBqttjHev2428MLEB4AYVN+d8s2iyCVZac+o41Pflm/ZH5vLXQ==",
      "dev": true,
      "requires": {
        "@types/body-parser": "*",
        "@types/express-serve-static-core": "*",
        "@types/qs": "*",
        "@types/serve-static": "*"
      }
    },
    "@types/express-serve-static-core": {
      "version": "4.17.13",
      "resolved": "https://registry.npmjs.org/@types/express-serve-static-core/-/express-serve-static-core-4.17.13.tgz",
      "integrity": "sha512-RgDi5a4nuzam073lRGKTUIaL3eF2+H7LJvJ8eUnCI0wA6SNjXc44DCmWNiTLs/AZ7QlsFWZiw/gTG3nSQGL0fA==",
      "dev": true,
      "requires": {
        "@types/node": "*",
        "@types/qs": "*",
        "@types/range-parser": "*"
      }
    },
    "@types/mime": {
      "version": "2.0.3",
      "resolved": "https://registry.npmjs.org/@types/mime/-/mime-2.0.3.tgz",
      "integrity": "sha512-Jus9s4CDbqwocc5pOAnh8ShfrnMcPHuJYzVcSUU7lrh8Ni5HuIqX3oilL86p3dlTrk0LzHRCgA/GQ7uNCw6l2Q==",
      "dev": true
    },
    "@types/node": {
      "version": "14.11.8",
      "resolved": "https://registry.npmjs.org/@types/node/-/node-14.11.8.tgz",
      "integrity": "sha512-KPcKqKm5UKDkaYPTuXSx8wEP7vE9GnuaXIZKijwRYcePpZFDVuy2a57LarFKiORbHOuTOOwYzxVxcUzsh2P2Pw==",
      "dev": true
    },
    "@types/qs": {
      "version": "6.9.5",
      "resolved": "https://registry.npmjs.org/@types/qs/-/qs-6.9.5.tgz",
      "integrity": "sha512-/JHkVHtx/REVG0VVToGRGH2+23hsYLHdyG+GrvoUGlGAd0ErauXDyvHtRI/7H7mzLm+tBCKA7pfcpkQ1lf58iQ==",
      "dev": true
    },
    "@types/range-parser": {
      "version": "1.2.3",
      "resolved": "https://registry.npmjs.org/@types/range-parser/-/range-parser-1.2.3.tgz",
      "integrity": "sha512-ewFXqrQHlFsgc09MK5jP5iR7vumV/BYayNC6PgJO2LPe8vrnNFyjQjSppfEngITi0qvfKtzFvgKymGheFM9UOA==",
      "dev": true
    },
    "@types/serve-static": {
      "version": "1.13.5",
      "resolved": "https://registry.npmjs.org/@types/serve-static/-/serve-static-1.13.5.tgz",
      "integrity": "sha512-6M64P58N+OXjU432WoLLBQxbA0LRGBCRm7aAGQJ+SMC1IMl0dgRVi9EFfoDcS2a7Xogygk/eGN94CfwU9UF7UQ==",
      "dev": true,
      "requires": {
        "@types/express-serve-static-core": "*",
        "@types/mime": "*"
      }
    },
    "axios": {
      "version": "0.20.0",
      "resolved": "https://registry.npmjs.org/axios/-/axios-0.20.0.tgz",
      "integrity": "sha512-ANA4rr2BDcmmAQLOKft2fufrtuvlqR+cXNNinUmvfeSNCOF98PZL+7M/v1zIdGo7OLjEA9J2gXJL+j4zGsl0bA==",
      "requires": {
        "follow-redirects": "^1.10.0"
      }
    },
    "d3-array": {
      "version": "1.2.4",
      "resolved": "https://registry.npmjs.org/d3-array/-/d3-array-1.2.4.tgz",
      "integrity": "sha512-KHW6M86R+FUPYGb3R5XiYjXPq7VzwxZ22buHhAEVG5ztoEcZZMLov530mmccaqA1GghZArjQV46fuc8kUqhhHw=="
    },
    "d3-geo": {
      "version": "1.7.1",
      "resolved": "https://registry.npmjs.org/d3-geo/-/d3-geo-1.7.1.tgz",
      "integrity": "sha512-O4AempWAr+P5qbk2bC2FuN/sDW4z+dN2wDf9QV3bxQt4M5HfOEeXLgJ/UKQW0+o1Dj8BE+L5kiDbdWUMjsmQpw==",
      "requires": {
        "d3-array": "1"
      }
    },
    "follow-redirects": {
      "version": "1.13.0",
      "resolved": "https://registry.npmjs.org/follow-redirects/-/follow-redirects-1.13.0.tgz",
      "integrity": "sha512-aq6gF1BEKje4a9i9+5jimNFIpq4Q1WiwBToeRK5NvZBd/TRsmW8BsJfOEGkr76TbOyPVD3OVDN910EcUNtRYEA=="
    },
    "turf-jsts": {
      "version": "1.2.3",
      "resolved": "https://registry.npmjs.org/turf-jsts/-/turf-jsts-1.2.3.tgz",
      "integrity": "sha512-Ja03QIJlPuHt4IQ2FfGex4F4JAr8m3jpaHbFbQrgwr7s7L6U8ocrHiF3J1+wf9jzhGKxvDeaCAnGDot8OjGFyA=="
    },
    "typescript": {
      "version": "4.0.3",
      "resolved": "https://registry.npmjs.org/typescript/-/typescript-4.0.3.tgz",
      "integrity": "sha512-tEu6DGxGgRJPb/mVPIZ48e69xCn2yRmCgYmDugAVwmJ6o+0u1RI18eO7E7WBTLYLaEVVOhwQmcdhQHweux/WPg==",
      "dev": true
    }
  }
}
